// !$*UTF8*$!
{
	archiveVersion = 1;
	classes = {
	};
	objectVersion = 56;
	objects = {

/* Begin PBXBuildFile section */
		8C5FFFBC2969BF6A0017A55A /* AppDelegate.swift in Sources */ = {isa = PBXBuildFile; fileRef = 8C5FFFBB2969BF6A0017A55A /* AppDelegate.swift */; };
		8C5FFFBE2969BF6A0017A55A /* SceneDelegate.swift in Sources */ = {isa = PBXBuildFile; fileRef = 8C5FFFBD2969BF6A0017A55A /* SceneDelegate.swift */; };
		8C5FFFC02969BF6A0017A55A /* ViewController.swift in Sources */ = {isa = PBXBuildFile; fileRef = 8C5FFFBF2969BF6A0017A55A /* ViewController.swift */; };
		8C5FFFC32969BF6A0017A55A /* Main.storyboard in Resources */ = {isa = PBXBuildFile; fileRef = 8C5FFFC12969BF6A0017A55A /* Main.storyboard */; };
		8C5FFFC52969BF6B0017A55A /* Assets.xcassets in Resources */ = {isa = PBXBuildFile; fileRef = 8C5FFFC42969BF6B0017A55A /* Assets.xcassets */; };
		8C5FFFC82969BF6B0017A55A /* LaunchScreen.storyboard in Resources */ = {isa = PBXBuildFile; fileRef = 8C5FFFC62969BF6B0017A55A /* LaunchScreen.storyboard */; };
		8C5FFFD02969C1B60017A55A /* EmojiTableViewController.swift in Sources */ = {isa = PBXBuildFile; fileRef = 8C5FFFCF2969C1B60017A55A /* EmojiTableViewController.swift */; };
		8C5FFFD22969CA1F0017A55A /* EmojiTableViewCell.swift in Sources */ = {isa = PBXBuildFile; fileRef = 8C5FFFD12969CA1F0017A55A /* EmojiTableViewCell.swift */; };
		8C5FFFD42969CE3F0017A55A /* EmojiModel.swift in Sources */ = {isa = PBXBuildFile; fileRef = 8C5FFFD32969CE3F0017A55A /* EmojiModel.swift */; };
		8C5FFFD62969E1350017A55A /* NewEmojiTableViewController.swift in Sources */ = {isa = PBXBuildFile; fileRef = 8C5FFFD52969E1350017A55A /* NewEmojiTableViewController.swift */; };
		8C612DD9296AB33800904333 /* Singleton.swift in Sources */ = {isa = PBXBuildFile; fileRef = 8C612DD8296AB33800904333 /* Singleton.swift */; };
/* End PBXBuildFile section */

/* Begin PBXFileReference section */
		8C5FFFB82969BF6A0017A55A /* Emoji.app */ = {isa = PBXFileReference; explicitFileType = wrapper.application; includeInIndex = 0; path = Emoji.app; sourceTree = BUILT_PRODUCTS_DIR; };
		8C5FFFBB2969BF6A0017A55A /* AppDelegate.swift */ = {isa = PBXFileReference; lastKnownFileType = sourcecode.swift; path = AppDelegate.swift; sourceTree = "<group>"; };
		8C5FFFBD2969BF6A0017A55A /* SceneDelegate.swift */ = {isa = PBXFileReference; lastKnownFileType = sourcecode.swift; path = SceneDelegate.swift; sourceTree = "<group>"; };
		8C5FFFBF2969BF6A0017A55A /* ViewController.swift */ = {isa = PBXFileReference; lastKnownFileType = sourcecode.swift; path = ViewController.swift; sourceTree = "<group>"; };
		8C5FFFC22969BF6A0017A55A /* Base */ = {isa = PBXFileReference; lastKnownFileType = file.storyboard; name = Base; path = Base.lproj/Main.storyboard; sourceTree = "<group>"; };
		8C5FFFC42969BF6B0017A55A /* Assets.xcassets */ = {isa = PBXFileReference; lastKnownFileType = folder.assetcatalog; path = Assets.xcassets; sourceTree = "<group>"; };
		8C5FFFC72969BF6B0017A55A /* Base */ = {isa = PBXFileReference; lastKnownFileType = file.storyboard; name = Base; path = Base.lproj/LaunchScreen.storyboard; sourceTree = "<group>"; };
		8C5FFFC92969BF6B0017A55A /* Info.plist */ = {isa = PBXFileReference; lastKnownFileType = text.plist.xml; path = Info.plist; sourceTree = "<group>"; };
		8C5FFFCF2969C1B60017A55A /* EmojiTableViewController.swift */ = {isa = PBXFileReference; lastKnownFileType = sourcecode.swift; path = EmojiTableViewController.swift; sourceTree = "<group>"; };
		8C5FFFD12969CA1F0017A55A /* EmojiTableViewCell.swift */ = {isa = PBXFileReference; lastKnownFileType = sourcecode.swift; path = EmojiTableViewCell.swift; sourceTree = "<group>"; };
		8C5FFFD32969CE3F0017A55A /* EmojiModel.swift */ = {isa = PBXFileReference; lastKnownFileType = sourcecode.swift; path = EmojiModel.swift; sourceTree = "<group>"; };
		8C5FFFD52969E1350017A55A /* NewEmojiTableViewController.swift */ = {isa = PBXFileReference; lastKnownFileType = sourcecode.swift; path = NewEmojiTableViewController.swift; sourceTree = "<group>"; };
		8C612DD8296AB33800904333 /* Singleton.swift */ = {isa = PBXFileReference; lastKnownFileType = sourcecode.swift; path = Singleton.swift; sourceTree = "<group>"; };
/* End PBXFileReference section */

/* Begin PBXFrameworksBuildPhase section */
		8C5FFFB52969BF6A0017A55A /* Frameworks */ = {
			isa = PBXFrameworksBuildPhase;
			buildActionMask = 2147483647;
			files = (
			);
			runOnlyForDeploymentPostprocessing = 0;
		};
/* End PBXFrameworksBuildPhase section */

/* Begin PBXGroup section */
		8C5FFFAF2969BF6A0017A55A = {
			isa = PBXGroup;
			children = (
				8C5FFFBA2969BF6A0017A55A /* Emoji */,
				8C5FFFB92969BF6A0017A55A /* Products */,
			);
			sourceTree = "<group>";
		};
		8C5FFFB92969BF6A0017A55A /* Products */ = {
			isa = PBXGroup;
			children = (
				8C5FFFB82969BF6A0017A55A /* Emoji.app */,
			);
			name = Products;
			sourceTree = "<group>";
		};
		8C5FFFBA2969BF6A0017A55A /* Emoji */ = {
			isa = PBXGroup;
			children = (
				8C5FFFBB2969BF6A0017A55A /* AppDelegate.swift */,
				8C5FFFBD2969BF6A0017A55A /* SceneDelegate.swift */,
				8C5FFFBF2969BF6A0017A55A /* ViewController.swift */,
				8C5FFFC12969BF6A0017A55A /* Main.storyboard */,
				8C5FFFC42969BF6B0017A55A /* Assets.xcassets */,
				8C5FFFD32969CE3F0017A55A /* EmojiModel.swift */,
				8C5FFFD12969CA1F0017A55A /* EmojiTableViewCell.swift */,
				8C5FFFD52969E1350017A55A /* NewEmojiTableViewController.swift */,
				8C5FFFCF2969C1B60017A55A /* EmojiTableViewController.swift */,
				8C5FFFC62969BF6B0017A55A /* LaunchScreen.storyboard */,
				8C612DD8296AB33800904333 /* Singleton.swift */,
				8C5FFFC92969BF6B0017A55A /* Info.plist */,
			);
			path = Emoji;
			sourceTree = "<group>";
		};
/* End PBXGroup section */

/* Begin PBXNativeTarget section */
		8C5FFFB72969BF6A0017A55A /* Emoji */ = {
			isa = PBXNativeTarget;
			buildConfigurationList = 8C5FFFCC2969BF6B0017A55A /* Build configuration list for PBXNativeTarget "Emoji" */;
			buildPhases = (
				8C5FFFB42969BF6A0017A55A /* Sources */,
				8C5FFFB52969BF6A0017A55A /* Frameworks */,
				8C5FFFB62969BF6A0017A55A /* Resources */,
			);
			buildRules = (
			);
			dependencies = (
			);
			name = Emoji;
			productName = Emoji;
			productReference = 8C5FFFB82969BF6A0017A55A /* Emoji.app */;
			productType = "com.apple.product-type.application";
		};
/* End PBXNativeTarget section */

/* Begin PBXProject section */
		8C5FFFB02969BF6A0017A55A /* Project object */ = {
			isa = PBXProject;
			attributes = {
				BuildIndependentTargetsInParallel = 1;
				LastSwiftUpdateCheck = 1400;
				LastUpgradeCheck = 1400;
				TargetAttributes = {
					8C5FFFB72969BF6A0017A55A = {
						CreatedOnToolsVersion = 14.0.1;
					};
				};
			};
			buildConfigurationList = 8C5FFFB32969BF6A0017A55A /* Build configuration list for PBXProject "Emoji" */;
			compatibilityVersion = "Xcode 14.0";
			developmentRegion = en;
			hasScannedForEncodings = 0;
			knownRegions = (
				en,
				Base,
			);
			mainGroup = 8C5FFFAF2969BF6A0017A55A;
			productRefGroup = 8C5FFFB92969BF6A0017A55A /* Products */;
			projectDirPath = "";
			projectRoot = "";
			targets = (
				8C5FFFB72969BF6A0017A55A /* Emoji */,
			);
		};
/* End PBXProject section */

/* Begin PBXResourcesBuildPhase section */
		8C5FFFB62969BF6A0017A55A /* Resources */ = {
			isa = PBXResourcesBuildPhase;
			buildActionMask = 2147483647;
			files = (
				8C5FFFC82969BF6B0017A55A /* LaunchScreen.storyboard in Resources */,
				8C5FFFC52969BF6B0017A55A /* Assets.xcassets in Resources */,
				8C5FFFC32969BF6A0017A55A /* Main.storyboard in Resources */,
			);
			runOnlyForDeploymentPostprocessing = 0;
		};
/* End PBXResourcesBuildPhase section */

/* Begin PBXSourcesBuildPhase section */
		8C5FFFB42969BF6A0017A55A /* Sources */ = {
			isa = PBXSourcesBuildPhase;
			buildActionMask = 2147483647;
			files = (
				8C5FFFD02969C1B60017A55A /* EmojiTableViewController.swift in Sources */,
				8C5FFFC02969BF6A0017A55A /* ViewController.swift in Sources */,
				8C5FFFD42969CE3F0017A55A /* EmojiModel.swift in Sources */,
				8C5FFFD22969CA1F0017A55A /* EmojiTableViewCell.swift in Sources */,
				8C5FFFD62969E1350017A55A /* NewEmojiTableViewController.swift in Sources */,
				8C612DD9296AB33800904333 /* Singleton.swift in Sources */,
				8C5FFFBC2969BF6A0017A55A /* AppDelegate.swift in Sources */,
				8C5FFFBE2969BF6A0017A55A /* SceneDelegate.swift in Sources */,
			);
			runOnlyForDeploymentPostprocessing = 0;
		};
/* End PBXSourcesBuildPhase section */

/* Begin PBXVariantGroup section */
		8C5FFFC12969BF6A0017A55A /* Main.storyboard */ = {
			isa = PBXVariantGroup;
			children = (
				8C5FFFC22969BF6A0017A55A /* Base */,
			);
			name = Main.storyboard;
			sourceTree = "<group>";
		};
		8C5FFFC62969BF6B0017A55A /* LaunchScreen.storyboard */ = {
			isa = PBXVariantGroup;
			children = (
				8C5FFFC72969BF6B0017A55A /* Base */,
			);
			name = LaunchScreen.storyboard;
			sourceTree = "<group>";
		};
/* End PBXVariantGroup section */

/* Begin XCBuildConfiguration section */
		8C5FFFCA2969BF6B0017A55A /* Debug */ = {
			isa = XCBuildConfiguration;
			buildSettings = {
				ALWAYS_SEARCH_USER_PATHS = NO;
				CLANG_ANALYZER_NONNULL = YES;
				CLANG_ANALYZER_NUMBER_OBJECT_CONVERSION = YES_AGGRESSIVE;
				CLANG_CXX_LANGUAGE_STANDARD = "gnu++20";
				CLANG_ENABLE_MODULES = YES;
				CLANG_ENABLE_OBJC_ARC = YES;
				CLANG_ENABLE_OBJC_WEAK = YES;
				CLANG_WARN_BLOCK_CAPTURE_AUTORELEASING = YES;
				CLANG_WARN_BOOL_CONVERSION = YES;
				CLANG_WARN_COMMA = YES;
				CLANG_WARN_CONSTANT_CONVERSION = YES;
				CLANG_WARN_DEPRECATED_OBJC_IMPLEMENTATIONS = YES;
				CLANG_WARN_DIRECT_OBJC_ISA_USAGE = YES_ERROR;
				CLANG_WARN_DOCUMENTATION_COMMENTS = YES;
				CLANG_WARN_EMPTY_BODY = YES;
				CLANG_WARN_ENUM_CONVERSION = YES;
				CLANG_WARN_INFINITE_RECURSION = YES;
				CLANG_WARN_INT_CONVERSION = YES;
				CLANG_WARN_NON_LITERAL_NULL_CONVERSION = YES;
				CLANG_WARN_OBJC_IMPLICIT_RETAIN_SELF = YES;
				CLANG_WARN_OBJC_LITERAL_CONVERSION = YES;
				CLANG_WARN_OBJC_ROOT_CLASS = YES_ERROR;
				CLANG_WARN_QUOTED_INCLUDE_IN_FRAMEWORK_HEADER = YES;
				CLANG_WARN_RANGE_LOOP_ANALYSIS = YES;
				CLANG_WARN_STRICT_PROTOTYPES = YES;
				CLANG_WARN_SUSPICIOUS_MOVE = YES;
				CLANG_WARN_UNGUARDED_AVAILABILITY = YES_AGGRESSIVE;
				CLANG_WARN_UNREACHABLE_CODE = YES;
				CLANG_WARN__DUPLICATE_METHOD_MATCH = YES;
				COPY_PHASE_STRIP = NO;
				DEBUG_INFORMATION_FORMAT = dwarf;
				ENABLE_STRICT_OBJC_MSGSEND = YES;
				ENABLE_TESTABILITY = YES;
				GCC_C_LANGUAGE_STANDARD = gnu11;
				GCC_DYNAMIC_NO_PIC = NO;
				GCC_NO_COMMON_BLOCKS = YES;
				GCC_OPTIMIZATION_LEVEL = 0;
				GCC_PREPROCESSOR_DEFINITIONS = (
					"DEBUG=1",
					"$(inherited)",
				);
				GCC_WARN_64_TO_32_BIT_CONVERSION = YES;
				GCC_WARN_ABOUT_RETURN_TYPE = YES_ERROR;
				GCC_WARN_UNDECLARED_SELECTOR = YES;
				GCC_WARN_UNINITIALIZED_AUTOS = YES_AGGRESSIVE;
				GCC_WARN_UNUSED_FUNCTION = YES;
				GCC_WARN_UNUSED_VARIABLE = YES;
				IPHONEOS_DEPLOYMENT_TARGET = 16.0;
				MTL_ENABLE_DEBUG_INFO = INCLUDE_SOURCE;
				MTL_FAST_MATH = YES;
				ONLY_ACTIVE_ARCH = YES;
				SDKROOT = iphoneos;
				SWIFT_ACTIVE_COMPILATION_CONDITIONS = DEBUG;
				SWIFT_OPTIMIZATION_LEVEL = "-Onone";
			};
			name = Debug;
		};
		8C5FFFCB2969BF6B0017A55A /* Release */ = {
			isa = XCBuildConfiguration;
			buildSettings = {
				ALWAYS_SEARCH_USER_PATHS = NO;
				CLANG_ANALYZER_NONNULL = YES;
				CLANG_ANALYZER_NUMBER_OBJECT_CONVERSION = YES_AGGRESSIVE;
				CLANG_CXX_LANGUAGE_STANDARD = "gnu++20";
				CLANG_ENABLE_MODULES = YES;
				CLANG_ENABLE_OBJC_ARC = YES;
				CLANG_ENABLE_OBJC_WEAK = YES;
				CLANG_WARN_BLOCK_CAPTURE_AUTORELEASING = YES;
				CLANG_WARN_BOOL_CONVERSION = YES;
				CLANG_WARN_COMMA = YES;
				CLANG_WARN_CONSTANT_CONVERSION = YES;
				CLANG_WARN_DEPRECATED_OBJC_IMPLEMENTATIONS = YES;
				CLANG_WARN_DIRECT_OBJC_ISA_USAGE = YES_ERROR;
				CLANG_WARN_DOCUMENTATION_COMMENTS = YES;
				CLANG_WARN_EMPTY_BODY = YES;
				CLANG_WARN_ENUM_CONVERSION = YES;
				CLANG_WARN_INFINITE_RECURSION = YES;
				CLANG_WARN_INT_CONVERSION = YES;
				CLANG_WARN_NON_LITERAL_NULL_CONVERSION = YES;
				CLANG_WARN_OBJC_IMPLICIT_RETAIN_SELF = YES;
				CLANG_WARN_OBJC_LITERAL_CONVERSION = YES;
				CLANG_WARN_OBJC_ROOT_CLASS = YES_ERROR;
				CLANG_WARN_QUOTED_INCLUDE_IN_FRAMEWORK_HEADER = YES;
				CLANG_WARN_RANGE_LOOP_ANALYSIS = YES;
				CLANG_WARN_STRICT_PROTOTYPES = YES;
				CLANG_WARN_SUSPICIOUS_MOVE = YES;
				CLANG_WARN_UNGUARDED_AVAILABILITY = YES_AGGRESSIVE;
				CLANG_WARN_UNREACHABLE_CODE = YES;
				CLANG_WARN__DUPLICATE_METHOD_MATCH = YES;
				COPY_PHASE_STRIP = NO;
				DEBUG_INFORMATION_FORMAT = "dwarf-with-dsym";
				ENABLE_NS_ASSERTIONS = NO;
				ENABLE_STRICT_OBJC_MSGSEND = YES;
				GCC_C_LANGUAGE_STANDARD = gnu11;
				GCC_NO_COMMON_BLOCKS = YES;
				GCC_WARN_64_TO_32_BIT_CONVERSION = YES;
				GCC_WARN_ABOUT_RETURN_TYPE = YES_ERROR;
				GCC_WARN_UNDECLARED_SELECTOR = YES;
				GCC_WARN_UNINITIALIZED_AUTOS = YES_AGGRESSIVE;
				GCC_WARN_UNUSED_FUNCTION = YES;
				GCC_WARN_UNUSED_VARIABLE = YES;
				IPHONEOS_DEPLOYMENT_TARGET = 16.0;
				MTL_ENABLE_DEBUG_INFO = NO;
				MTL_FAST_MATH = YES;
				SDKROOT = iphoneos;
				SWIFT_COMPILATION_MODE = wholemodule;
				SWIFT_OPTIMIZATION_LEVEL = "-O";
				VALIDATE_PRODUCT = YES;
			};
			name = Release;
		};
		8C5FFFCD2969BF6B0017A55A /* Debug */ = {
			isa = XCBuildConfiguration;
			buildSettings = {
				ASSETCATALOG_COMPILER_APPICON_NAME = AppIcon;
				ASSETCATALOG_COMPILER_GLOBAL_ACCENT_COLOR_NAME = AccentColor;
				CODE_SIGN_STYLE = Automatic;
				CURRENT_PROJECT_VERSION = 1;
				GENERATE_INFOPLIST_FILE = YES;
				INFOPLIST_FILE = Emoji/Info.plist;
				INFOPLIST_KEY_UIApplicationSupportsIndirectInputEvents = YES;
				INFOPLIST_KEY_UILaunchStoryboardName = LaunchScreen;
				INFOPLIST_KEY_UIMainStoryboardFile = Main;
				INFOPLIST_KEY_UISupportedInterfaceOrientations_iPad = "UIInterfaceOrientationPortrait UIInterfaceOrientationPortraitUpsideDown UIInterfaceOrientationLandscapeLeft UIInterfaceOrientationLandscapeRight";
				INFOPLIST_KEY_UISupportedInterfaceOrientations_iPhone = "UIInterfaceOrientationPortrait UIInterfaceOrientationLandscapeLeft UIInterfaceOrientationLandscapeRight";
				LD_RUNPATH_SEARCH_PATHS = (
					"$(inherited)",
					"@executable_path/Frameworks",
				);
				MARKETING_VERSION = 1.0;
				PRODUCT_BUNDLE_IDENTIFIER = com.News.Emoji;
				PRODUCT_NAME = "$(TARGET_NAME)";
				SWIFT_EMIT_LOC_STRINGS = YES;
				SWIFT_VERSION = 5.0;
				TARGETED_DEVICE_FAMILY = "1,2";
			};
			name = Debug;
		};
		8C5FFFCE2969BF6B0017A55A /* Release */ = {
			isa = XCBuildConfiguration;
			buildSettings = {
				ASSETCATALOG_COMPILER_APPICON_NAME = AppIcon;
				ASSETCATALOG_COMPILER_GLOBAL_ACCENT_COLOR_NAME = AccentColor;
				CODE_SIGN_STYLE = Automatic;
				CURRENT_PROJECT_VERSION = 1;
				GENERATE_INFOPLIST_FILE = YES;
				INFOPLIST_FILE = Emoji/Info.plist;
				INFOPLIST_KEY_UIApplicationSupportsIndirectInputEvents = YES;
				INFOPLIST_KEY_UILaunchStoryboardName = LaunchScreen;
				INFOPLIST_KEY_UIMainStoryboardFile = Main;
				INFOPLIST_KEY_UISupportedInterfaceOrientations_iPad = "UIInterfaceOrientationPortrait UIInterfaceOrientationPortraitUpsideDown UIInterfaceOrientationLandscapeLeft UIInterfaceOrientationLandscapeRight";
				INFOPLIST_KEY_UISupportedInterfaceOrientations_iPhone = "UIInterfaceOrientationPortrait UIInterfaceOrientationLandscapeLeft UIInterfaceOrientationLandscapeRight";
				LD_RUNPATH_SEARCH_PATHS = (
					"$(inherited)",
					"@executable_path/Frameworks",
				);
				MARKETING_VERSION = 1.0;
				PRODUCT_BUNDLE_IDENTIFIER = com.News.Emoji;
				PRODUCT_NAME = "$(TARGET_NAME)";
				SWIFT_EMIT_LOC_STRINGS = YES;
				SWIFT_VERSION = 5.0;
				TARGETED_DEVICE_FAMILY = "1,2";
			};
			name = Release;
		};
/* End XCBuildConfiguration section */

/* Begin XCConfigurationList section */
		8C5FFFB32969BF6A0017A55A /* Build configuration list for PBXProject "Emoji" */ = {
			isa = XCConfigurationList;
			buildConfigurations = (
				8C5FFFCA2969BF6B0017A55A /* Debug */,
				8C5FFFCB2969BF6B0017A55A /* Release */,
			);
			defaultConfigurationIsVisible = 0;
			defaultConfigurationName = Release;
		};
		8C5FFFCC2969BF6B0017A55A /* Build configuration list for PBXNativeTarget "Emoji" */ = {
			isa = XCConfigurationList;
			buildConfigurations = (
				8C5FFFCD2969BF6B0017A55A /* Debug */,
				8C5FFFCE2969BF6B0017A55A /* Release */,
			);
			defaultConfigurationIsVisible = 0;
			defaultConfigurationName = Release;
		};
/* End XCConfigurationList section */
	};
	rootObject = 8C5FFFB02969BF6A0017A55A /* Project object */;
}
